
Microsoft Visual Studio Solution File, Format Version 12.00
# Visual Studio 15
VisualStudioVersion = 15.0.28307.852
MinimumVisualStudioVersion = 10.0.40219.1
Project("{FAE04EC0-301F-11D3-BF4B-00C04F79EFBC}") = "Pacman", "Pacman\Pacman.csproj", "{C15E3256-F5D0-4C32-B5AE-E55B3424D604}"
EndProject
Project("{FAE04EC0-301F-11D3-BF4B-00C04F79EFBC}") = "LogicaDelNegocio", "LogicaDelNegocio\LogicaDelNegocio.csproj", "{2A05C103-70CC-4289-AB3A-297E467DF17B}"
EndProject
Project("{FAE04EC0-301F-11D3-BF4B-00C04F79EFBC}") = "AccesoDatos", "AccesoDatos\AccesoDatos.csproj", "{764D2575-18FD-4AB5-B1F6-A4DED4A70D06}"
EndProject
Project("{FAE04EC0-301F-11D3-BF4B-00C04F79EFBC}") = "CuentaService", "MessageService\CuentaService.csproj", "{0F775098-E0A2-4E90-9B24-79C61DCCC8CD}"
EndProject
Project("{FAE04EC0-301F-11D3-BF4B-00C04F79EFBC}") = "GameChatService", "GameChatService\GameChatService.csproj", "{6357D85B-3649-4EC8-81E6-179714D20F03}"
EndProject
Project("{FAE04EC0-301F-11D3-BF4B-00C04F79EFBC}") = "SessionService", "SessionService\SessionService.csproj", "{E4408397-E6E0-4296-9483-B0406AC90CA6}"
EndProject
Project("{FAE04EC0-301F-11D3-BF4B-00C04F79EFBC}") = "GameService", "GameService\GameService.csproj", "{2B9BDFC4-F91F-47B9-B4F1-A378BB96F91B}"
EndProject
Project("{FAE04EC0-301F-11D3-BF4B-00C04F79EFBC}") = "CuentaServiceTests1", "CuentaServiceTests1\CuentaServiceTests1.csproj", "{CCF17802-041B-4EAE-B885-0A09154CE65F}"
EndProject
Project("{FAE04EC0-301F-11D3-BF4B-00C04F79EFBC}") = "GameChatServiceTestsChat", "GameChatServiceTestsChat\GameChatServiceTestsChat.csproj", "{8752C134-430D-4E50-BC19-D48C1B173454}"
EndProject
Project("{FAE04EC0-301F-11D3-BF4B-00C04F79EFBC}") = "GameServiceTests", "GameServiceTests\GameServiceTests.csproj", "{1F8E0683-C383-41C3-81C4-E1FFBC74E513}"
EndProject
Project("{FAE04EC0-301F-11D3-BF4B-00C04F79EFBC}") = "LogicaDelNegocioTests", "LogicaDelNegocioTests\LogicaDelNegocioTests.csproj", "{3E9C6017-D447-457B-897E-19A6F755070A}"
EndProject
Global
	GlobalSection(SolutionConfigurationPlatforms) = preSolution
		Debug|Any CPU = Debug|Any CPU
		Release|Any CPU = Release|Any CPU
	EndGlobalSection
	GlobalSection(ProjectConfigurationPlatforms) = postSolution
		{C15E3256-F5D0-4C32-B5AE-E55B3424D604}.Debug|Any CPU.ActiveCfg = Debug|Any CPU
		{C15E3256-F5D0-4C32-B5AE-E55B3424D604}.Debug|Any CPU.Build.0 = Debug|Any CPU
		{C15E3256-F5D0-4C32-B5AE-E55B3424D604}.Release|Any CPU.ActiveCfg = Release|Any CPU
		{C15E3256-F5D0-4C32-B5AE-E55B3424D604}.Release|Any CPU.Build.0 = Release|Any CPU
		{2A05C103-70CC-4289-AB3A-297E467DF17B}.Debug|Any CPU.ActiveCfg = Debug|Any CPU
		{2A05C103-70CC-4289-AB3A-297E467DF17B}.Debug|Any CPU.Build.0 = Debug|Any CPU
		{2A05C103-70CC-4289-AB3A-297E467DF17B}.Release|Any CPU.ActiveCfg = Release|Any CPU
		{2A05C103-70CC-4289-AB3A-297E467DF17B}.Release|Any CPU.Build.0 = Release|Any CPU
		{764D2575-18FD-4AB5-B1F6-A4DED4A70D06}.Debug|Any CPU.ActiveCfg = Debug|Any CPU
		{764D2575-18FD-4AB5-B1F6-A4DED4A70D06}.Debug|Any CPU.Build.0 = Debug|Any CPU
		{764D2575-18FD-4AB5-B1F6-A4DED4A70D06}.Release|Any CPU.ActiveCfg = Release|Any CPU
		{764D2575-18FD-4AB5-B1F6-A4DED4A70D06}.Release|Any CPU.Build.0 = Release|Any CPU
		{0F775098-E0A2-4E90-9B24-79C61DCCC8CD}.Debug|Any CPU.ActiveCfg = Debug|Any CPU
		{0F775098-E0A2-4E90-9B24-79C61DCCC8CD}.Debug|Any CPU.Build.0 = Debug|Any CPU
		{0F775098-E0A2-4E90-9B24-79C61DCCC8CD}.Release|Any CPU.ActiveCfg = Release|Any CPU
		{0F775098-E0A2-4E90-9B24-79C61DCCC8CD}.Release|Any CPU.Build.0 = Release|Any CPU
		{6357D85B-3649-4EC8-81E6-179714D20F03}.Debug|Any CPU.ActiveCfg = Debug|Any CPU
		{6357D85B-3649-4EC8-81E6-179714D20F03}.Debug|Any CPU.Build.0 = Debug|Any CPU
		{6357D85B-3649-4EC8-81E6-179714D20F03}.Release|Any CPU.ActiveCfg = Release|Any CPU
		{6357D85B-3649-4EC8-81E6-179714D20F03}.Release|Any CPU.Build.0 = Release|Any CPU
		{E4408397-E6E0-4296-9483-B0406AC90CA6}.Debug|Any CPU.ActiveCfg = Debug|Any CPU
		{E4408397-E6E0-4296-9483-B0406AC90CA6}.Debug|Any CPU.Build.0 = Debug|Any CPU
		{E4408397-E6E0-4296-9483-B0406AC90CA6}.Release|Any CPU.ActiveCfg = Release|Any CPU
		{E4408397-E6E0-4296-9483-B0406AC90CA6}.Release|Any CPU.Build.0 = Release|Any CPU
		{2B9BDFC4-F91F-47B9-B4F1-A378BB96F91B}.Debug|Any CPU.ActiveCfg = Debug|Any CPU
		{2B9BDFC4-F91F-47B9-B4F1-A378BB96F91B}.Debug|Any CPU.Build.0 = Debug|Any CPU
		{2B9BDFC4-F91F-47B9-B4F1-A378BB96F91B}.Release|Any CPU.ActiveCfg = Release|Any CPU
		{2B9BDFC4-F91F-47B9-B4F1-A378BB96F91B}.Release|Any CPU.Build.0 = Release|Any CPU
		{CCF17802-041B-4EAE-B885-0A09154CE65F}.Debug|Any CPU.ActiveCfg = Debug|Any CPU
		{CCF17802-041B-4EAE-B885-0A09154CE65F}.Debug|Any CPU.Build.0 = Debug|Any CPU
		{CCF17802-041B-4EAE-B885-0A09154CE65F}.Release|Any CPU.ActiveCfg = Release|Any CPU
		{CCF17802-041B-4EAE-B885-0A09154CE65F}.Release|Any CPU.Build.0 = Release|Any CPU
		{8752C134-430D-4E50-BC19-D48C1B173454}.Debug|Any CPU.ActiveCfg = Debug|Any CPU
		{8752C134-430D-4E50-BC19-D48C1B173454}.Debug|Any CPU.Build.0 = Debug|Any CPU
		{8752C134-430D-4E50-BC19-D48C1B173454}.Release|Any CPU.ActiveCfg = Release|Any CPU
		{8752C134-430D-4E50-BC19-D48C1B173454}.Release|Any CPU.Build.0 = Release|Any CPU
		{1F8E0683-C383-41C3-81C4-E1FFBC74E513}.Debug|Any CPU.ActiveCfg = Debug|Any CPU
		{1F8E0683-C383-41C3-81C4-E1FFBC74E513}.Debug|Any CPU.Build.0 = Debug|Any CPU
		{1F8E0683-C383-41C3-81C4-E1FFBC74E513}.Release|Any CPU.ActiveCfg = Release|Any CPU
		{1F8E0683-C383-41C3-81C4-E1FFBC74E513}.Release|Any CPU.Build.0 = Release|Any CPU
		{3E9C6017-D447-457B-897E-19A6F755070A}.Debug|Any CPU.ActiveCfg = Debug|Any CPU
		{3E9C6017-D447-457B-897E-19A6F755070A}.Debug|Any CPU.Build.0 = Debug|Any CPU
		{3E9C6017-D447-457B-897E-19A6F755070A}.Release|Any CPU.ActiveCfg = Release|Any CPU
		{3E9C6017-D447-457B-897E-19A6F755070A}.Release|Any CPU.Build.0 = Release|Any CPU
	EndGlobalSection
	GlobalSection(SolutionProperties) = preSolution
		HideSolutionNode = FALSE
	EndGlobalSection
	GlobalSection(ExtensibilityGlobals) = postSolution
		SolutionGuid = {0D0A39D9-416D-4288-A34E-221F239F8679}
	EndGlobalSection
EndGlobal
